{
  "name": "bojiu-main-api",
  "requires": true,
  "lockfileVersion": 1,
  "dependencies": {
    "@types/angular": {
      "version": "1.6.32",
      "resolved": "http://registry.npm.taobao.org/@types/angular/download/@types/angular-1.6.32.tgz",
      "dev": true
    },
    "angular": {
      "version": "1.6.6",
      "resolved": "http://registry.npm.taobao.org/angular/download/angular-1.6.6.tgz"
    }
  },
  "version": "1.0.1506603525"
}
